
Microsoft Visual Studio Solution File, Format Version 12.00
# Visual Studio 15
VisualStudioVersion = 15.0.28307.168
MinimumVisualStudioVersion = 10.0.40219.1
Project("{FAE04EC0-301F-11D3-BF4B-00C04F79EFBC}") = "NmapXmlParser", "NmapXmlParser\NmapXmlParser.csproj", "{D1D6AB7C-8683-4E78-A898-06F2DB0F9C48}"
EndProject
Project("{2150E333-8FDC-42A3-9474-1A3956D46DE8}") = "Solution Items", "Solution Items", "{76085F42-ACF4-49C3-B931-11F1B87CB352}"
	ProjectSection(SolutionItems) = preProject
		.travis.yml = .travis.yml
		Directory.Build.props = Directory.Build.props
		README.md = README.md
	EndProjectSection
EndProject
Project("{FAE04EC0-301F-11D3-BF4B-00C04F79EFBC}") = "NmapXmlParser.Tests", "NmapXmlParser.Tests\NmapXmlParser.Tests.csproj", "{57FC23E7-28C8-4264-AC2C-342D6E2B117B}"
EndProject
Global
	GlobalSection(SolutionConfigurationPlatforms) = preSolution
		Debug|Any CPU = Debug|Any CPU
		Release|Any CPU = Release|Any CPU
	EndGlobalSection
	GlobalSection(ProjectConfigurationPlatforms) = postSolution
		{D1D6AB7C-8683-4E78-A898-06F2DB0F9C48}.Debug|Any CPU.ActiveCfg = Debug|Any CPU
		{D1D6AB7C-8683-4E78-A898-06F2DB0F9C48}.Debug|Any CPU.Build.0 = Debug|Any CPU
		{D1D6AB7C-8683-4E78-A898-06F2DB0F9C48}.Release|Any CPU.ActiveCfg = Release|Any CPU
		{D1D6AB7C-8683-4E78-A898-06F2DB0F9C48}.Release|Any CPU.Build.0 = Release|Any CPU
		{57FC23E7-28C8-4264-AC2C-342D6E2B117B}.Debug|Any CPU.ActiveCfg = Debug|Any CPU
		{57FC23E7-28C8-4264-AC2C-342D6E2B117B}.Debug|Any CPU.Build.0 = Debug|Any CPU
		{57FC23E7-28C8-4264-AC2C-342D6E2B117B}.Release|Any CPU.ActiveCfg = Release|Any CPU
		{57FC23E7-28C8-4264-AC2C-342D6E2B117B}.Release|Any CPU.Build.0 = Release|Any CPU
	EndGlobalSection
	GlobalSection(SolutionProperties) = preSolution
		HideSolutionNode = FALSE
	EndGlobalSection
	GlobalSection(ExtensibilityGlobals) = postSolution
		SolutionGuid = {77E58D03-7C29-4B55-A03B-CAF1CC3B4CBC}
	EndGlobalSection
EndGlobal
